
Microsoft Visual Studio Solution File, Format Version 12.00
# Visual Studio 15
VisualStudioVersion = 15.0.26124.0
MinimumVisualStudioVersion = 15.0.26124.0
Project("{FAE04EC0-301F-11D3-BF4B-00C04F79EFBC}") = "Entidad", "Entidad\Entidad.csproj", "{EB32725A-0459-43C2-8559-9FB1E2E95213}"
EndProject
Project("{FAE04EC0-301F-11D3-BF4B-00C04F79EFBC}") = "Logica", "Logica\Logica.csproj", "{3540567E-2F1D-4D75-9AEE-FEE536313196}"
EndProject
Project("{FAE04EC0-301F-11D3-BF4B-00C04F79EFBC}") = "AppIR", "AppIR\AppIR.csproj", "{93E25D74-C9ED-48FD-ADE5-B6AA876DED0B}"
EndProject
Global
	GlobalSection(SolutionConfigurationPlatforms) = preSolution
		Debug|Any CPU = Debug|Any CPU
		Debug|x64 = Debug|x64
		Debug|x86 = Debug|x86
		Release|Any CPU = Release|Any CPU
		Release|x64 = Release|x64
		Release|x86 = Release|x86
	EndGlobalSection
	GlobalSection(SolutionProperties) = preSolution
		HideSolutionNode = FALSE
	EndGlobalSection
	GlobalSection(ProjectConfigurationPlatforms) = postSolution
		{EB32725A-0459-43C2-8559-9FB1E2E95213}.Debug|Any CPU.ActiveCfg = Debug|Any CPU
		{EB32725A-0459-43C2-8559-9FB1E2E95213}.Debug|Any CPU.Build.0 = Debug|Any CPU
		{EB32725A-0459-43C2-8559-9FB1E2E95213}.Debug|x64.ActiveCfg = Debug|Any CPU
		{EB32725A-0459-43C2-8559-9FB1E2E95213}.Debug|x64.Build.0 = Debug|Any CPU
		{EB32725A-0459-43C2-8559-9FB1E2E95213}.Debug|x86.ActiveCfg = Debug|Any CPU
		{EB32725A-0459-43C2-8559-9FB1E2E95213}.Debug|x86.Build.0 = Debug|Any CPU
		{EB32725A-0459-43C2-8559-9FB1E2E95213}.Release|Any CPU.ActiveCfg = Release|Any CPU
		{EB32725A-0459-43C2-8559-9FB1E2E95213}.Release|Any CPU.Build.0 = Release|Any CPU
		{EB32725A-0459-43C2-8559-9FB1E2E95213}.Release|x64.ActiveCfg = Release|Any CPU
		{EB32725A-0459-43C2-8559-9FB1E2E95213}.Release|x64.Build.0 = Release|Any CPU
		{EB32725A-0459-43C2-8559-9FB1E2E95213}.Release|x86.ActiveCfg = Release|Any CPU
		{EB32725A-0459-43C2-8559-9FB1E2E95213}.Release|x86.Build.0 = Release|Any CPU
		{3540567E-2F1D-4D75-9AEE-FEE536313196}.Debug|Any CPU.ActiveCfg = Debug|Any CPU
		{3540567E-2F1D-4D75-9AEE-FEE536313196}.Debug|Any CPU.Build.0 = Debug|Any CPU
		{3540567E-2F1D-4D75-9AEE-FEE536313196}.Debug|x64.ActiveCfg = Debug|Any CPU
		{3540567E-2F1D-4D75-9AEE-FEE536313196}.Debug|x64.Build.0 = Debug|Any CPU
		{3540567E-2F1D-4D75-9AEE-FEE536313196}.Debug|x86.ActiveCfg = Debug|Any CPU
		{3540567E-2F1D-4D75-9AEE-FEE536313196}.Debug|x86.Build.0 = Debug|Any CPU
		{3540567E-2F1D-4D75-9AEE-FEE536313196}.Release|Any CPU.ActiveCfg = Release|Any CPU
		{3540567E-2F1D-4D75-9AEE-FEE536313196}.Release|Any CPU.Build.0 = Release|Any CPU
		{3540567E-2F1D-4D75-9AEE-FEE536313196}.Release|x64.ActiveCfg = Release|Any CPU
		{3540567E-2F1D-4D75-9AEE-FEE536313196}.Release|x64.Build.0 = Release|Any CPU
		{3540567E-2F1D-4D75-9AEE-FEE536313196}.Release|x86.ActiveCfg = Release|Any CPU
		{3540567E-2F1D-4D75-9AEE-FEE536313196}.Release|x86.Build.0 = Release|Any CPU
		{60E73AAD-14DC-4038-BED0-35909571DA47}.Debug|Any CPU.ActiveCfg = Debug|Any CPU
		{60E73AAD-14DC-4038-BED0-35909571DA47}.Debug|Any CPU.Build.0 = Debug|Any CPU
		{60E73AAD-14DC-4038-BED0-35909571DA47}.Debug|x64.ActiveCfg = Debug|Any CPU
		{60E73AAD-14DC-4038-BED0-35909571DA47}.Debug|x64.Build.0 = Debug|Any CPU
		{60E73AAD-14DC-4038-BED0-35909571DA47}.Debug|x86.ActiveCfg = Debug|Any CPU
		{60E73AAD-14DC-4038-BED0-35909571DA47}.Debug|x86.Build.0 = Debug|Any CPU
		{60E73AAD-14DC-4038-BED0-35909571DA47}.Release|Any CPU.ActiveCfg = Release|Any CPU
		{60E73AAD-14DC-4038-BED0-35909571DA47}.Release|Any CPU.Build.0 = Release|Any CPU
		{60E73AAD-14DC-4038-BED0-35909571DA47}.Release|x64.ActiveCfg = Release|Any CPU
		{60E73AAD-14DC-4038-BED0-35909571DA47}.Release|x64.Build.0 = Release|Any CPU
		{60E73AAD-14DC-4038-BED0-35909571DA47}.Release|x86.ActiveCfg = Release|Any CPU
		{60E73AAD-14DC-4038-BED0-35909571DA47}.Release|x86.Build.0 = Release|Any CPU
		{93E25D74-C9ED-48FD-ADE5-B6AA876DED0B}.Debug|Any CPU.ActiveCfg = Debug|Any CPU
		{93E25D74-C9ED-48FD-ADE5-B6AA876DED0B}.Debug|Any CPU.Build.0 = Debug|Any CPU
		{93E25D74-C9ED-48FD-ADE5-B6AA876DED0B}.Debug|x64.ActiveCfg = Debug|Any CPU
		{93E25D74-C9ED-48FD-ADE5-B6AA876DED0B}.Debug|x64.Build.0 = Debug|Any CPU
		{93E25D74-C9ED-48FD-ADE5-B6AA876DED0B}.Debug|x86.ActiveCfg = Debug|Any CPU
		{93E25D74-C9ED-48FD-ADE5-B6AA876DED0B}.Debug|x86.Build.0 = Debug|Any CPU
		{93E25D74-C9ED-48FD-ADE5-B6AA876DED0B}.Release|Any CPU.ActiveCfg = Release|Any CPU
		{93E25D74-C9ED-48FD-ADE5-B6AA876DED0B}.Release|Any CPU.Build.0 = Release|Any CPU
		{93E25D74-C9ED-48FD-ADE5-B6AA876DED0B}.Release|x64.ActiveCfg = Release|Any CPU
		{93E25D74-C9ED-48FD-ADE5-B6AA876DED0B}.Release|x64.Build.0 = Release|Any CPU
		{93E25D74-C9ED-48FD-ADE5-B6AA876DED0B}.Release|x86.ActiveCfg = Release|Any CPU
		{93E25D74-C9ED-48FD-ADE5-B6AA876DED0B}.Release|x86.Build.0 = Release|Any CPU
	EndGlobalSection
EndGlobal
